
Microsoft Visual Studio Solution File, Format Version 12.00
# Visual Studio Version 17
VisualStudioVersion = 17.2.32526.322
MinimumVisualStudioVersion = 10.0.40219.1
Project("{FAE04EC0-301F-11D3-BF4B-00C04F79EFBC}") = "Dictionary_Practice", "Dictionary_Practice\Dictionary_Practice.csproj", "{C788C85C-AD05-45C4-8B87-0D1A6ED89D2B}"
EndProject
Global
	GlobalSection(SolutionConfigurationPlatforms) = preSolution
		Debug|Any CPU = Debug|Any CPU
		Release|Any CPU = Release|Any CPU
	EndGlobalSection
	GlobalSection(ProjectConfigurationPlatforms) = postSolution
		{C788C85C-AD05-45C4-8B87-0D1A6ED89D2B}.Debug|Any CPU.ActiveCfg = Debug|Any CPU
		{C788C85C-AD05-45C4-8B87-0D1A6ED89D2B}.Debug|Any CPU.Build.0 = Debug|Any CPU
		{C788C85C-AD05-45C4-8B87-0D1A6ED89D2B}.Release|Any CPU.ActiveCfg = Release|Any CPU
		{C788C85C-AD05-45C4-8B87-0D1A6ED89D2B}.Release|Any CPU.Build.0 = Release|Any CPU
	EndGlobalSection
	GlobalSection(SolutionProperties) = preSolution
		HideSolutionNode = FALSE
	EndGlobalSection
	GlobalSection(ExtensibilityGlobals) = postSolution
		SolutionGuid = {3B0FB80B-1043-4474-900B-A939DFFC81BE}
	EndGlobalSection
EndGlobal
